<?xml version="1.0" encoding="utf-8"?>
<Project ToolsVersion="4.0" xmlns="http://schemas.microsoft.com/developer/msbuild/2003">
  <ItemGroup>
    <Filter Include="Source Files">
      <UniqueIdentifier>{4FC737F1-C7A5-4376-A066-2A32D752A2FF}</UniqueIdentifier>
      <Extensions>cpp;c;cc;cxx;c++;cppm;ixx;def;odl;idl;hpj;bat;asm;asmx</Extensions>
    </Filter>
    <Filter Include="Header Files">
      <UniqueIdentifier>{93995380-89BD-4b04-88EB-625FBE52EBFB}</UniqueIdentifier>
      <Extensions>h;hh;hpp;hxx;h++;hm;inl;inc;ipp;xsd</Extensions>
    </Filter>
    <Filter Include="Resource Files">
      <UniqueIdentifier>{67DA6AB6-F800-4c08-8B7A-83BB121AAD01}</UniqueIdentifier>
      <Extensions>rc;ico;cur;bmp;dlg;rc2;rct;bin;rgs;gif;jpg;jpeg;jpe;resx;tiff;tif;png;wav;mfcribbon-ms</Extensions>
    </Filter>
  </ItemGroup>
  <ItemGroup>
    <ClCompile Include="RobotService.cpp">
      <Filter>Source Files</Filter>
    </ClCompile>
    <ClCompile Include="IEngine.cpp">
      <Filter>Source Files</Filter>
    </ClCompile>
    <ClCompile Include="ElectricMotor.cpp">
      <Filter>Source Files</Filter>
    </ClCompile>
    <ClCompile Include="CombustionEngine.cpp">
      <Filter>Source Files</Filter>
    </ClCompile>
    <ClCompile Include="HybridEngine.cpp">
      <Filter>Source Files</Filter>
    </ClCompile>
    <ClCompile Include="ProxyEngine.cpp">
      <Filter>Source Files</Filter>
    </ClCompile>
    <ClCompile Include="IPowerSource.cpp">
      <Filter>Source Files</Filter>
    </ClCompile>
    <ClCompile Include="Battery.cpp">
      <Filter>Source Files</Filter>
    </ClCompile>
    <ClCompile Include="FuelCell.cpp">
      <Filter>Source Files</Filter>
    </ClCompile>
    <ClCompile Include="ICommunication.cpp">
      <Filter>Source Files</Filter>
    </ClCompile>
    <ClCompile Include="WiFiCommunication.cpp">
      <Filter>Source Files</Filter>
    </ClCompile>
    <ClCompile Include="CellularCommunication.cpp">
      <Filter>Source Files</Filter>
    </ClCompile>
    <ClCompile Include="INavigation.cpp">
      <Filter>Source Files</Filter>
    </ClCompile>
    <ClCompile Include="GPSNavigation.cpp">
      <Filter>Source Files</Filter>
    </ClCompile>
    <ClCompile Include="LidarNavigation.cpp">
      <Filter>Source Files</Filter>
    </ClCompile>
    <ClCompile Include="VisionNavigation.cpp">
      <Filter>Source Files</Filter>
    </ClCompile>
    <ClCompile Include="IRobot.cpp">
      <Filter>Source Files</Filter>
    </ClCompile>
    <ClCompile Include="SimpleRobot.cpp">
      <Filter>Source Files</Filter>
    </ClCompile>
    <ClCompile Include="Drone.cpp">
      <Filter>Source Files</Filter>
    </ClCompile>
    <ClCompile Include="IController.cpp">
      <Filter>Source Files</Filter>
    </ClCompile>
    <ClCompile Include="CentralController.cpp">
      <Filter>Source Files</Filter>
    </ClCompile>
    <ClCompile Include="YandexNavigationSystem.cpp">
      <Filter>Source Files</Filter>
    </ClCompile>
    <ClCompile Include="YandexNavigationAdapter.cpp">
      <Filter>Source Files</Filter>
    </ClCompile>
    <ClCompile Include="Iterator.cpp">
      <Filter>Source Files</Filter>
    </ClCompile>
    <ClCompile Include="IAggregate.cpp">
      <Filter>Source Files</Filter>
    </ClCompile>
    <ClCompile Include="Element.cpp">
      <Filter>Source Files</Filter>
    </ClCompile>
    <ClCompile Include="MyListIterator.cpp">
      <Filter>Source Files</Filter>
    </ClCompile>
    <ClCompile Include="MyList.cpp">
      <Filter>Source Files</Filter>
    </ClCompile>
    <ClCompile Include="ProxyIterator.cpp">
      <Filter>Source Files</Filter>
    </ClCompile>
    <ClCompile Include="RobotGroup.cpp">
      <Filter>Source Files</Filter>
    </ClCompile>
    <ClCompile Include="CommunicationDecorator.cpp">
      <Filter>Source Files</Filter>
    </ClCompile>
    <ClCompile Include="CommunicationEncryptorDecorator.cpp">
      <Filter>Source Files</Filter>
    </ClCompile>
    <ClCompile Include="CommunicationTimestampDecorator.cpp">
      <Filter>Source Files</Filter>
    </ClCompile>
    <ClCompile Include="CommunicationPrinterDecorator.cpp">
      <Filter>Source Files</Filter>
    </ClCompile>
    <ClCompile Include="IEnvironment.cpp">
      <Filter>Source Files</Filter>
    </ClCompile>
    <ClCompile Include="AirEnvironment.cpp">
      <Filter>Source Files</Filter>
    </ClCompile>
    <ClCompile Include="GroundEnvironment.cpp">
      <Filter>Source Files</Filter>
    </ClCompile>
    <ClCompile Include="WaterEnvironment.cpp">
      <Filter>Source Files</Filter>
    </ClCompile>
    <ClCompile Include="StreetSegment.cpp">
      <Filter>Source Files</Filter>
    </ClCompile>
    <ClCompile Include="StreetSegmentFactory.cpp">
      <Filter>Source Files</Filter>
    </ClCompile>
    <ClCompile Include="RobotManager.cpp">
      <Filter>Source Files</Filter>
    </ClCompile>
    <ClCompile Include="IRobotExpert.cpp">
      <Filter>Source Files</Filter>
    </ClCompile>
    <ClCompile Include="BasicRobotExpert.cpp">
      <Filter>Source Files</Filter>
    </ClCompile>
    <ClCompile Include="StringHelper.cpp">
      <Filter>Source Files</Filter>
    </ClCompile>
    <ClCompile Include="EngineFactory.cpp">
      <Filter>Source Files</Filter>
    </ClCompile>
    <ClCompile Include="PowerSourceFactory.cpp">
      <Filter>Source Files</Filter>
    </ClCompile>
    <ClCompile Include="NavigationFactory.cpp">
      <Filter>Source Files</Filter>
    </ClCompile>
    <ClCompile Include="CommunicationFactory.cpp">
      <Filter>Source Files</Filter>
    </ClCompile>
    <ClCompile Include="ElectricMotorFactory.cpp">
      <Filter>Source Files</Filter>
    </ClCompile>
    <ClCompile Include="HybridEngineFactory.cpp">
      <Filter>Source Files</Filter>
    </ClCompile>
    <ClCompile Include="CombustionEngineFactory.cpp">
      <Filter>Source Files</Filter>
    </ClCompile>
    <ClCompile Include="WiFiCommunicationFactory.cpp">
      <Filter>Source Files</Filter>
    </ClCompile>
    <ClCompile Include="CellularCommunicationFactory.cpp">
      <Filter>Source Files</Filter>
    </ClCompile>
    <ClCompile Include="BatteryFactory.cpp">
      <Filter>Source Files</Filter>
    </ClCompile>
    <ClCompile Include="FuelCellFactory.cpp">
      <Filter>Source Files</Filter>
    </ClCompile>
    <ClCompile Include="VisionNavigationFactory.cpp">
      <Filter>Source Files</Filter>
    </ClCompile>
    <ClCompile Include="LidarNavigationFactory.cpp">
      <Filter>Source Files</Filter>
    </ClCompile>
    <ClCompile Include="GPSNavigationFactory.cpp">
      <Filter>Source Files</Filter>
    </ClCompile>
    <ClCompile Include="RobotFactory.cpp">
      <Filter>Source Files</Filter>
    </ClCompile>
    <ClCompile Include="StandartGroundRobotFactory.cpp">
      <Filter>Source Files</Filter>
    </ClCompile>
    <ClCompile Include="StandartDroneFactory.cpp">
      <Filter>Source Files</Filter>
    </ClCompile>
    <ClCompile Include="Prototype.cpp">
      <Filter>Source Files</Filter>
    </ClCompile>
    <ClCompile Include="CellularChannel.cpp">
      <Filter>Source Files</Filter>
    </ClCompile>
    <ClCompile Include="LTEChannel.cpp">
      <Filter>Source Files</Filter>
    </ClCompile>
    <ClCompile Include="HSPAChannel.cpp">
      <Filter>Source Files</Filter>
    </ClCompile>
    <ClCompile Include="CellularChannelPool.cpp">
      <Filter>Source Files</Filter>
    </ClCompile>
    <ClCompile Include="MapFeature.cpp">
      <Filter>Source Files</Filter>
    </ClCompile>
    <ClCompile Include="TrafficLight.cpp">
      <Filter>Source Files</Filter>
    </ClCompile>
    <ClCompile Include="PedestrianCrossing.cpp">
      <Filter>Source Files</Filter>
    </ClCompile>
    <ClCompile Include="MapSegment.cpp">
      <Filter>Source Files</Filter>
    </ClCompile>
    <ClCompile Include="IMapSegmentBuilder.cpp">
      <Filter>Source Files</Filter>
    </ClCompile>
    <ClCompile Include="DetailedMapSegmentBuilder.cpp">
      <Filter>Source Files</Filter>
    </ClCompile>
    <ClCompile Include="IMapDirector.cpp">
      <Filter>Source Files</Filter>
    </ClCompile>
    <ClCompile Include="BasicMapDirector.cpp">
      <Filter>Source Files</Filter>
    </ClCompile>
    <ClCompile Include="AdvancedMapDirector.cpp">
      <Filter>Source Files</Filter>
    </ClCompile>
  </ItemGroup>
  <ItemGroup>
    <ClInclude Include="IEngine.h">
      <Filter>Header Files</Filter>
    </ClInclude>
    <ClInclude Include="ElectricMotor.h">
      <Filter>Header Files</Filter>
    </ClInclude>
    <ClInclude Include="CombustionEngine.h">
      <Filter>Header Files</Filter>
    </ClInclude>
    <ClInclude Include="HybridEngine.h">
      <Filter>Header Files</Filter>
    </ClInclude>
    <ClInclude Include="ProxyEngine.h">
      <Filter>Header Files</Filter>
    </ClInclude>
    <ClInclude Include="IPowerSource.h">
      <Filter>Header Files</Filter>
    </ClInclude>
    <ClInclude Include="Battery.h">
      <Filter>Header Files</Filter>
    </ClInclude>
    <ClInclude Include="FuelCell.h">
      <Filter>Header Files</Filter>
    </ClInclude>
    <ClInclude Include="FuelType.h">
      <Filter>Header Files</Filter>
    </ClInclude>
    <ClInclude Include="ICommunication.h">
      <Filter>Header Files</Filter>
    </ClInclude>
    <ClInclude Include="WiFiCommunication.h">
      <Filter>Header Files</Filter>
    </ClInclude>
    <ClInclude Include="CellularCommunication.h">
      <Filter>Header Files</Filter>
    </ClInclude>
    <ClInclude Include="INavigation.h">
      <Filter>Header Files</Filter>
    </ClInclude>
    <ClInclude Include="GPSNavigation.h">
      <Filter>Header Files</Filter>
    </ClInclude>
    <ClInclude Include="LidarNavigation.h">
      <Filter>Header Files</Filter>
    </ClInclude>
    <ClInclude Include="VisionNavigation.h">
      <Filter>Header Files</Filter>
    </ClInclude>
    <ClInclude Include="IRobot.h">
      <Filter>Header Files</Filter>
    </ClInclude>
    <ClInclude Include="SimpleRobot.h">
      <Filter>Header Files</Filter>
    </ClInclude>
    <ClInclude Include="Drone.h">
      <Filter>Header Files</Filter>
    </ClInclude>
    <ClInclude Include="IController.h">
      <Filter>Header Files</Filter>
    </ClInclude>
    <ClInclude Include="CentralController.h">
      <Filter>Header Files</Filter>
    </ClInclude>
    <ClInclude Include="YandexNavigationSystem.h">
      <Filter>Header Files</Filter>
    </ClInclude>
    <ClInclude Include="YandexNavigationAdapter.h">
      <Filter>Header Files</Filter>
    </ClInclude>
    <ClInclude Include="Iterator.h">
      <Filter>Header Files</Filter>
    </ClInclude>
    <ClInclude Include="IAggregate.h">
      <Filter>Header Files</Filter>
    </ClInclude>
    <ClInclude Include="Element.h">
      <Filter>Header Files</Filter>
    </ClInclude>
    <ClInclude Include="MyListIterator.h">
      <Filter>Header Files</Filter>
    </ClInclude>
    <ClInclude Include="MyList.h">
      <Filter>Header Files</Filter>
    </ClInclude>
    <ClInclude Include="ProxyIterator.h">
      <Filter>Header Files</Filter>
    </ClInclude>
    <ClInclude Include="RobotGroup.h">
      <Filter>Header Files</Filter>
    </ClInclude>
    <ClInclude Include="CommunicationDecorator.h">
      <Filter>Header Files</Filter>
    </ClInclude>
    <ClInclude Include="CommunicationEncryptorDecorator.h">
      <Filter>Header Files</Filter>
    </ClInclude>
    <ClInclude Include="CommunicationTimestampDecorator.h">
      <Filter>Header Files</Filter>
    </ClInclude>
    <ClInclude Include="CommunicationPrinterDecorator.h">
      <Filter>Header Files</Filter>
    </ClInclude>
    <ClInclude Include="IEnvironment.h">
      <Filter>Header Files</Filter>
    </ClInclude>
    <ClInclude Include="AirEnvironment.h">
      <Filter>Header Files</Filter>
    </ClInclude>
    <ClInclude Include="GroundEnvironment.h">
      <Filter>Header Files</Filter>
    </ClInclude>
    <ClInclude Include="WaterEnvironment.h">
      <Filter>Header Files</Filter>
    </ClInclude>
    <ClInclude Include="StreetSegment.h">
      <Filter>Header Files</Filter>
    </ClInclude>
    <ClInclude Include="StreetSegmentFactory.h">
      <Filter>Header Files</Filter>
    </ClInclude>
    <ClInclude Include="RobotManager.h">
      <Filter>Header Files</Filter>
    </ClInclude>
    <ClInclude Include="IRobotExpert.h">
      <Filter>Header Files</Filter>
    </ClInclude>
    <ClInclude Include="BasicRobotExpert.h">
      <Filter>Header Files</Filter>
    </ClInclude>
    <ClInclude Include="StringHelper.h">
      <Filter>Header Files</Filter>
    </ClInclude>
    <ClInclude Include="EngineFactory.h">
      <Filter>Header Files</Filter>
    </ClInclude>
    <ClInclude Include="PowerSourceFactory.h">
      <Filter>Header Files</Filter>
    </ClInclude>
    <ClInclude Include="NavigationFactory.h">
      <Filter>Header Files</Filter>
    </ClInclude>
    <ClInclude Include="CommunicationFactory.h">
      <Filter>Header Files</Filter>
    </ClInclude>
    <ClInclude Include="ElectricMotorFactory.h">
      <Filter>Header Files</Filter>
    </ClInclude>
    <ClInclude Include="HybridEngineFactory.h">
      <Filter>Header Files</Filter>
    </ClInclude>
    <ClInclude Include="CombustionEngineFactory.h">
      <Filter>Header Files</Filter>
    </ClInclude>
    <ClInclude Include="WiFiCommunicationFactory.h">
      <Filter>Header Files</Filter>
    </ClInclude>
    <ClInclude Include="CellularCommunicationFactory.h">
      <Filter>Header Files</Filter>
    </ClInclude>
    <ClInclude Include="BatteryFactory.h">
      <Filter>Header Files</Filter>
    </ClInclude>
    <ClInclude Include="FuelCellFactory.h">
      <Filter>Header Files</Filter>
    </ClInclude>
    <ClInclude Include="VisionNavigationFactory.h">
      <Filter>Header Files</Filter>
    </ClInclude>
    <ClInclude Include="LidarNavigationFactory.h">
      <Filter>Header Files</Filter>
    </ClInclude>
    <ClInclude Include="GPSNavigationFactory.h">
      <Filter>Header Files</Filter>
    </ClInclude>
    <ClInclude Include="RobotFactory.h">
      <Filter>Header Files</Filter>
    </ClInclude>
    <ClInclude Include="StandartGroundRobotFactory.h">
      <Filter>Header Files</Filter>
    </ClInclude>
    <ClInclude Include="StandartDroneFactory.h">
      <Filter>Header Files</Filter>
    </ClInclude>
    <ClInclude Include="Prototype.h">
      <Filter>Header Files</Filter>
    </ClInclude>
    <ClInclude Include="CellularChannel.h">
      <Filter>Header Files</Filter>
    </ClInclude>
    <ClInclude Include="LTEChannel.h">
      <Filter>Header Files</Filter>
    </ClInclude>
    <ClInclude Include="HSPAChannel.h">
      <Filter>Header Files</Filter>
    </ClInclude>
    <ClInclude Include="CellularChannelPool.h">
      <Filter>Header Files</Filter>
    </ClInclude>
    <ClInclude Include="MapFeature.h">
      <Filter>Header Files</Filter>
    </ClInclude>
    <ClInclude Include="TrafficLight.h">
      <Filter>Header Files</Filter>
    </ClInclude>
    <ClInclude Include="PedestrianCrossing.h">
      <Filter>Header Files</Filter>
    </ClInclude>
    <ClInclude Include="MapSegment.h">
      <Filter>Header Files</Filter>
    </ClInclude>
    <ClInclude Include="IMapSegmentBuilder.h">
      <Filter>Header Files</Filter>
    </ClInclude>
    <ClInclude Include="DetailedMapSegmentBuilder.h">
      <Filter>Header Files</Filter>
    </ClInclude>
    <ClInclude Include="IMapDirector.h">
      <Filter>Header Files</Filter>
    </ClInclude>
    <ClInclude Include="BasicMapDirector.h">
      <Filter>Header Files</Filter>
    </ClInclude>
    <ClInclude Include="AdvancedMapDirector.h">
      <Filter>Header Files</Filter>
    </ClInclude>
  </ItemGroup>
</Project>